<?xml version="1.0" encoding="utf-8"?>
<Project ToolsVersion="4.0" xmlns="http://schemas.microsoft.com/developer/msbuild/2003">
  <ItemGroup>
    <Filter Include="Headers">
      <UniqueIdentifier>{ca8bfa71-b49b-4752-afb8-6ed0b5319f97}</UniqueIdentifier>
    </Filter>
    <Filter Include="system">
      <UniqueIdentifier>{e6e65bf7-2f01-4f4c-ae4b-902f493f083b}</UniqueIdentifier>
    </Filter>
    <Filter Include="sound">
      <UniqueIdentifier>{92943b9a-b773-4077-8f71-fe5b2f5264de}</UniqueIdentifier>
    </Filter>
    <Filter Include="log">
      <UniqueIdentifier>{34767f52-84ef-49f3-b297-261a5b942b1c}</UniqueIdentifier>
    </Filter>
    <Filter Include="utils">
      <UniqueIdentifier>{e4a1527d-5650-458f-80bb-0d3b2d2d2a48}</UniqueIdentifier>
    </Filter>
    <Filter Include="listener">
      <UniqueIdentifier>{6faa27f7-ad71-46cb-b398-0ef50a649dd4}</UniqueIdentifier>
    </Filter>
    <Filter Include="channel">
      <UniqueIdentifier>{e0ad12c6-9f45-4f64-a4f9-3fc0b9d99e0c}</UniqueIdentifier>
    </Filter>
  </ItemGroup>
  <ItemGroup>
    <ClInclude Include="$(MSBuildThisFileDirectory)defines.h">
      <Filter>Headers</Filter>
    </ClInclude>
    <ClInclude Include="$(MSBuildThisFileDirectory)fw.hpp" />
    <ClInclude Include="$(MSBuildThisFileDirectory)system_internal.h">
      <Filter>system</Filter>
    </ClInclude>
    <ClInclude Include="$(MSBuildThisFileDirectory)system.h">
      <Filter>system</Filter>
    </ClInclude>
    <ClInclude Include="$(MSBuildThisFileDirectory)sound_internal.h">
      <Filter>sound</Filter>
    </ClInclude>
    <ClInclude Include="$(MSBuildThisFileDirectory)sound.h">
      <Filter>sound</Filter>
    </ClInclude>
    <ClInclude Include="$(MSBuildThisFileDirectory)sounds.h">
      <Filter>sound</Filter>
    </ClInclude>
    <ClInclude Include="$(MSBuildThisFileDirectory)log.h">
      <Filter>log</Filter>
    </ClInclude>
    <ClInclude Include="$(MSBuildThisFileDirectory)enums.h">
      <Filter>Headers</Filter>
    </ClInclude>
    <ClInclude Include="$(MSBuildThisFileDirectory)error.h">
      <Filter>log</Filter>
    </ClInclude>
    <ClInclude Include="$(MSBuildThisFileDirectory)vector.h">
      <Filter>Headers</Filter>
    </ClInclude>
    <ClInclude Include="$(MSBuildThisFileDirectory)vector_tools.h">
      <Filter>utils</Filter>
    </ClInclude>
    <ClInclude Include="$(MSBuildThisFileDirectory)listener_internal.h">
      <Filter>listener</Filter>
    </ClInclude>
    <ClInclude Include="$(MSBuildThisFileDirectory)listener.h">
      <Filter>listener</Filter>
    </ClInclude>
    <ClInclude Include="$(MSBuildThisFileDirectory)fwtime.h">
      <Filter>utils</Filter>
    </ClInclude>
    <ClInclude Include="$(MSBuildThisFileDirectory)info.h">
      <Filter>utils</Filter>
    </ClInclude>
    <ClInclude Include="$(MSBuildThisFileDirectory)misc.h">
      <Filter>utils</Filter>
    </ClInclude>
    <ClInclude Include="$(MSBuildThisFileDirectory)channel.h">
      <Filter>channel</Filter>
    </ClInclude>
    <ClInclude Include="$(MSBuildThisFileDirectory)channel_internal.h">
      <Filter>channel</Filter>
    </ClInclude>
    <ClInclude Include="$(MSBuildThisFileDirectory)channels.h">
      <Filter>channel</Filter>
    </ClInclude>
  </ItemGroup>
  <ItemGroup>
    <ClCompile Include="$(MSBuildThisFileDirectory)system_internal.cpp">
      <Filter>system</Filter>
    </ClCompile>
    <ClCompile Include="$(MSBuildThisFileDirectory)system.cpp">
      <Filter>system</Filter>
    </ClCompile>
    <ClCompile Include="$(MSBuildThisFileDirectory)sound_internal.cpp">
      <Filter>sound</Filter>
    </ClCompile>
    <ClCompile Include="$(MSBuildThisFileDirectory)sound.cpp">
      <Filter>sound</Filter>
    </ClCompile>
    <ClCompile Include="$(MSBuildThisFileDirectory)sounds.cpp">
      <Filter>sound</Filter>
    </ClCompile>
    <ClCompile Include="$(MSBuildThisFileDirectory)log.cpp">
      <Filter>log</Filter>
    </ClCompile>
    <ClCompile Include="$(MSBuildThisFileDirectory)error.cpp">
      <Filter>log</Filter>
    </ClCompile>
    <ClCompile Include="$(MSBuildThisFileDirectory)vector_tools.cpp">
      <Filter>utils</Filter>
    </ClCompile>
    <ClCompile Include="$(MSBuildThisFileDirectory)listener_internal.cpp">
      <Filter>listener</Filter>
    </ClCompile>
    <ClCompile Include="$(MSBuildThisFileDirectory)listener.cpp">
      <Filter>listener</Filter>
    </ClCompile>
    <ClCompile Include="$(MSBuildThisFileDirectory)fwtime.cpp">
      <Filter>utils</Filter>
    </ClCompile>
    <ClCompile Include="$(MSBuildThisFileDirectory)channel.cpp">
      <Filter>channel</Filter>
    </ClCompile>
    <ClCompile Include="$(MSBuildThisFileDirectory)channels.cpp">
      <Filter>channel</Filter>
    </ClCompile>
    <ClCompile Include="$(MSBuildThisFileDirectory)channel_internal.cpp">
      <Filter>channel</Filter>
    </ClCompile>
  </ItemGroup>
</Project>